<?xml version="1.0" encoding="UTF-8"?>
<Scheme
   LastUpgradeVersion = "0710"
   version = "1.3">
   <BuildAction
      parallelizeBuildables = "YES"
      buildImplicitDependencies = "YES">
      <BuildActionEntries>
         <BuildActionEntry
            buildForTesting = "YES"
            buildForRunning = "YES"
            buildForProfiling = "YES"
            buildForArchiving = "YES"
            buildForAnalyzing = "YES">
            <BuildableReference
               BuildableIdentifier = "primary"
               BlueprintIdentifier = "BCEEE6EB1BFC7DC60039B312"
               BuildableName = "&#x7011;&#x5e03;&#x6d41;Practise.app"
               BlueprintName = "&#x7011;&#x5e03;&#x6d41;Practise"
               ReferencedContainer = "container:&#x7011;&#x5e03;&#x6d41;Practise.xcodeproj">
            </BuildableReference>
         </BuildActionEntry>
      </BuildActionEntries>
   </BuildAction>
   <TestAction
      buildConfiguration = "Debug"
      selectedDebuggerIdentifier = "Xcode.DebuggerFoundation.Debugger.LLDB"
      selectedLauncherIdentifier = "Xcode.DebuggerFoundation.Launcher.LLDB"
      shouldUseLaunchSchemeArgsEnv = "YES">
      <Testables>
         <TestableReference
            skipped = "NO">
            <BuildableReference
               BuildableIdentifier = "primary"
               BlueprintIdentifier = "BCEEE6FE1BFC7DC60039B312"
               BuildableName = "&#x7011;&#x5e03;&#x6d41;PractiseTests.xctest"
               BlueprintName = "&#x7011;&#x5e03;&#x6d41;PractiseTests"
               ReferencedContainer = "container:&#x7011;&#x5e03;&#x6d41;Practise.xcodeproj">
            </BuildableReference>
         </TestableReference>
         <TestableReference
            skipped = "NO">
            <BuildableReference
               BuildableIdentifier = "primary"
               BlueprintIdentifier = "BCEEE7091BFC7DC60039B312"
               BuildableName = "&#x7011;&#x5e03;&#x6d41;PractiseUITests.xctest"
               BlueprintName = "&#x7011;&#x5e03;&#x6d41;PractiseUITests"
               ReferencedContainer = "container:&#x7011;&#x5e03;&#x6d41;Practise.xcodeproj">
            </BuildableReference>
         </TestableReference>
      </Testables>
      <MacroExpansion>
         <BuildableReference
            BuildableIdentifier = "primary"
            BlueprintIdentifier = "BCEEE6EB1BFC7DC60039B312"
            BuildableName = "&#x7011;&#x5e03;&#x6d41;Practise.app"
            BlueprintName = "&#x7011;&#x5e03;&#x6d41;Practise"
            ReferencedContainer = "container:&#x7011;&#x5e03;&#x6d41;Practise.xcodeproj">
         </BuildableReference>
      </MacroExpansion>
      <AdditionalOptions>
      </AdditionalOptions>
   </TestAction>
   <LaunchAction
      buildConfiguration = "Debug"
      selectedDebuggerIdentifier = "Xcode.DebuggerFoundation.Debugger.LLDB"
      selectedLauncherIdentifier = "Xcode.DebuggerFoundation.Launcher.LLDB"
      launchStyle = "0"
      useCustomWorkingDirectory = "NO"
      ignoresPersistentStateOnLaunch = "NO"
      debugDocumentVersioning = "YES"
      debugServiceExtension = "internal"
      allowLocationSimulation = "YES">
      <BuildableProductRunnable
         runnableDebuggingMode = "0">
         <BuildableReference
            BuildableIdentifier = "primary"
            BlueprintIdentifier = "BCEEE6EB1BFC7DC60039B312"
            BuildableName = "&#x7011;&#x5e03;&#x6d41;Practise.app"
            BlueprintName = "&#x7011;&#x5e03;&#x6d41;Practise"
            ReferencedContainer = "container:&#x7011;&#x5e03;&#x6d41;Practise.xcodeproj">
         </BuildableReference>
      </BuildableProductRunnable>
      <AdditionalOptions>
      </AdditionalOptions>
   </LaunchAction>
   <ProfileAction
      buildConfiguration = "Release"
      shouldUseLaunchSchemeArgsEnv = "YES"
      savedToolIdentifier = ""
      useCustomWorkingDirectory = "NO"
      debugDocumentVersioning = "YES">
      <BuildableProductRunnable
         runnableDebuggingMode = "0">
         <BuildableReference
            BuildableIdentifier = "primary"
            BlueprintIdentifier = "BCEEE6EB1BFC7DC60039B312"
            BuildableName = "&#x7011;&#x5e03;&#x6d41;Practise.app"
            BlueprintName = "&#x7011;&#x5e03;&#x6d41;Practise"
            ReferencedContainer = "container:&#x7011;&#x5e03;&#x6d41;Practise.xcodeproj">
         </BuildableReference>
      </BuildableProductRunnable>
   </ProfileAction>
   <AnalyzeAction
      buildConfiguration = "Debug">
   </AnalyzeAction>
   <ArchiveAction
      buildConfiguration = "Release"
      revealArchiveInOrganizer = "YES">
   </ArchiveAction>
</Scheme>
